
Microsoft Visual Studio Solution File, Format Version 11.00
# Visual Studio 2010
# SharpDevelop 5.2
Project("{FAE04EC0-301F-11D3-BF4B-00C04F79EFBC}") = "maior entre três numeros", "maior entre três numeros\maior entre três numeros.csproj", "{EB8959AF-A4ED-4ABF-89F1-40036921AE6E}"
EndProject
Global
	GlobalSection(SolutionConfigurationPlatforms) = preSolution
		Debug|Any CPU = Debug|Any CPU
		Release|Any CPU = Release|Any CPU
	EndGlobalSection
	GlobalSection(ProjectConfigurationPlatforms) = postSolution
		{EB8959AF-A4ED-4ABF-89F1-40036921AE6E}.Debug|Any CPU.ActiveCfg = Debug|Any CPU
		{EB8959AF-A4ED-4ABF-89F1-40036921AE6E}.Debug|Any CPU.Build.0 = Debug|Any CPU
		{EB8959AF-A4ED-4ABF-89F1-40036921AE6E}.Release|Any CPU.ActiveCfg = Release|Any CPU
		{EB8959AF-A4ED-4ABF-89F1-40036921AE6E}.Release|Any CPU.Build.0 = Release|Any CPU
	EndGlobalSection
EndGlobal
