
Microsoft Visual Studio Solution File, Format Version 11.00
# Visual Studio 2010
# SharpDevelop 5.2
Project("{FAE04EC0-301F-11D3-BF4B-00C04F79EFBC}") = "Metade Apenas se o Número for Maior que 20", "Metade Apenas se o Número for Maior que 20\Metade Apenas se o Número for Maior que 20.csproj", "{B66AD98A-3368-43C8-8733-816F24E7EE55}"
EndProject
Global
	GlobalSection(SolutionConfigurationPlatforms) = preSolution
		Debug|Any CPU = Debug|Any CPU
		Release|Any CPU = Release|Any CPU
	EndGlobalSection
	GlobalSection(ProjectConfigurationPlatforms) = postSolution
		{B66AD98A-3368-43C8-8733-816F24E7EE55}.Debug|Any CPU.ActiveCfg = Debug|Any CPU
		{B66AD98A-3368-43C8-8733-816F24E7EE55}.Debug|Any CPU.Build.0 = Debug|Any CPU
		{B66AD98A-3368-43C8-8733-816F24E7EE55}.Release|Any CPU.ActiveCfg = Release|Any CPU
		{B66AD98A-3368-43C8-8733-816F24E7EE55}.Release|Any CPU.Build.0 = Release|Any CPU
	EndGlobalSection
EndGlobal
