
Microsoft Visual Studio Solution File, Format Version 11.00
# Visual Studio 2010
# SharpDevelop 5.2
Project("{FAE04EC0-301F-11D3-BF4B-00C04F79EFBC}") = "Três Números em Ordem Decrescente", "Três Números em Ordem Decrescente\Três Números em Ordem Decrescente.csproj", "{2FE3F49E-83D3-43CB-9C9F-1EC139CBF6B3}"
EndProject
Global
	GlobalSection(SolutionConfigurationPlatforms) = preSolution
		Debug|Any CPU = Debug|Any CPU
		Release|Any CPU = Release|Any CPU
	EndGlobalSection
	GlobalSection(ProjectConfigurationPlatforms) = postSolution
		{2FE3F49E-83D3-43CB-9C9F-1EC139CBF6B3}.Debug|Any CPU.ActiveCfg = Debug|Any CPU
		{2FE3F49E-83D3-43CB-9C9F-1EC139CBF6B3}.Debug|Any CPU.Build.0 = Debug|Any CPU
		{2FE3F49E-83D3-43CB-9C9F-1EC139CBF6B3}.Release|Any CPU.ActiveCfg = Release|Any CPU
		{2FE3F49E-83D3-43CB-9C9F-1EC139CBF6B3}.Release|Any CPU.Build.0 = Release|Any CPU
	EndGlobalSection
EndGlobal
